
Microsoft Visual Studio Solution File, Format Version 12.00
# Visual Studio 15
VisualStudioVersion = 15.0.28307.271
MinimumVisualStudioVersion = 10.0.40219.1
Project("{FAE04EC0-301F-11D3-BF4B-00C04F79EFBC}") = "ElevenNote.WebMVC", "ElevenNote.WebMVC\ElevenNote.WebMVC.csproj", "{7F6BB033-1597-46C6-9391-79D0493A2A47}"
EndProject
Project("{FAE04EC0-301F-11D3-BF4B-00C04F79EFBC}") = "ElevenNote.Data", "ElevenNote.Data\ElevenNote.Data.csproj", "{2F41BAA6-4311-4557-8349-E5C5810827FB}"
EndProject
Project("{FAE04EC0-301F-11D3-BF4B-00C04F79EFBC}") = "ElevenNote.Models", "ElevenNote.Models\ElevenNote.Models.csproj", "{94980475-CE80-4B2E-BE64-D5DA026DFF29}"
EndProject
Project("{FAE04EC0-301F-11D3-BF4B-00C04F79EFBC}") = "ElevenNote.Contracts", "ElevenNote.Contracts\ElevenNote.Contracts.csproj", "{CAD49949-B715-431C-B155-B73DC2B505D2}"
EndProject
Project("{FAE04EC0-301F-11D3-BF4B-00C04F79EFBC}") = "ElevenNote.Services", "ElevenNote.Services\ElevenNote.Services.csproj", "{0E38DE58-0CFA-4089-9DF2-38E345E36F71}"
EndProject
Project("{FAE04EC0-301F-11D3-BF4B-00C04F79EFBC}") = "ElevenNote.Tests", "ElevenNote.Tests\ElevenNote.Tests.csproj", "{6C065632-8492-4688-9083-D111DD541A79}"
EndProject
Global
	GlobalSection(SolutionConfigurationPlatforms) = preSolution
		Debug|Any CPU = Debug|Any CPU
		Release|Any CPU = Release|Any CPU
	EndGlobalSection
	GlobalSection(ProjectConfigurationPlatforms) = postSolution
		{7F6BB033-1597-46C6-9391-79D0493A2A47}.Debug|Any CPU.ActiveCfg = Debug|Any CPU
		{7F6BB033-1597-46C6-9391-79D0493A2A47}.Debug|Any CPU.Build.0 = Debug|Any CPU
		{7F6BB033-1597-46C6-9391-79D0493A2A47}.Release|Any CPU.ActiveCfg = Release|Any CPU
		{7F6BB033-1597-46C6-9391-79D0493A2A47}.Release|Any CPU.Build.0 = Release|Any CPU
		{2F41BAA6-4311-4557-8349-E5C5810827FB}.Debug|Any CPU.ActiveCfg = Debug|Any CPU
		{2F41BAA6-4311-4557-8349-E5C5810827FB}.Debug|Any CPU.Build.0 = Debug|Any CPU
		{2F41BAA6-4311-4557-8349-E5C5810827FB}.Release|Any CPU.ActiveCfg = Release|Any CPU
		{2F41BAA6-4311-4557-8349-E5C5810827FB}.Release|Any CPU.Build.0 = Release|Any CPU
		{94980475-CE80-4B2E-BE64-D5DA026DFF29}.Debug|Any CPU.ActiveCfg = Debug|Any CPU
		{94980475-CE80-4B2E-BE64-D5DA026DFF29}.Debug|Any CPU.Build.0 = Debug|Any CPU
		{94980475-CE80-4B2E-BE64-D5DA026DFF29}.Release|Any CPU.ActiveCfg = Release|Any CPU
		{94980475-CE80-4B2E-BE64-D5DA026DFF29}.Release|Any CPU.Build.0 = Release|Any CPU
		{CAD49949-B715-431C-B155-B73DC2B505D2}.Debug|Any CPU.ActiveCfg = Debug|Any CPU
		{CAD49949-B715-431C-B155-B73DC2B505D2}.Debug|Any CPU.Build.0 = Debug|Any CPU
		{CAD49949-B715-431C-B155-B73DC2B505D2}.Release|Any CPU.ActiveCfg = Release|Any CPU
		{CAD49949-B715-431C-B155-B73DC2B505D2}.Release|Any CPU.Build.0 = Release|Any CPU
		{0E38DE58-0CFA-4089-9DF2-38E345E36F71}.Debug|Any CPU.ActiveCfg = Debug|Any CPU
		{0E38DE58-0CFA-4089-9DF2-38E345E36F71}.Debug|Any CPU.Build.0 = Debug|Any CPU
		{0E38DE58-0CFA-4089-9DF2-38E345E36F71}.Release|Any CPU.ActiveCfg = Release|Any CPU
		{0E38DE58-0CFA-4089-9DF2-38E345E36F71}.Release|Any CPU.Build.0 = Release|Any CPU
		{6C065632-8492-4688-9083-D111DD541A79}.Debug|Any CPU.ActiveCfg = Debug|Any CPU
		{6C065632-8492-4688-9083-D111DD541A79}.Debug|Any CPU.Build.0 = Debug|Any CPU
		{6C065632-8492-4688-9083-D111DD541A79}.Release|Any CPU.ActiveCfg = Release|Any CPU
		{6C065632-8492-4688-9083-D111DD541A79}.Release|Any CPU.Build.0 = Release|Any CPU
	EndGlobalSection
	GlobalSection(SolutionProperties) = preSolution
		HideSolutionNode = FALSE
	EndGlobalSection
	GlobalSection(ExtensibilityGlobals) = postSolution
		SolutionGuid = {EE392F67-88AD-4F23-A2EE-D2046BFA3A9F}
	EndGlobalSection
EndGlobal
